// !$*UTF8*$!
{
	archiveVersion = 1;
	classes = {
	};
	objectVersion = 46;
	objects = {

/* Begin PBXBuildFile section */
		236BEEA71E1C914D00FAC4F7 /* AppDelegate.swift in Sources */ = {isa = PBXBuildFile; fileRef = 236BEEA61E1C914D00FAC4F7 /* AppDelegate.swift */; };
		236BEEA91E1C914D00FAC4F7 /* ViewController.swift in Sources */ = {isa = PBXBuildFile; fileRef = 236BEEA81E1C914D00FAC4F7 /* ViewController.swift */; };
		236BEEAC1E1C914D00FAC4F7 /* Main.storyboard in Resources */ = {isa = PBXBuildFile; fileRef = 236BEEAA1E1C914D00FAC4F7 /* Main.storyboard */; };
		236BEEAE1E1C914D00FAC4F7 /* Assets.xcassets in Resources */ = {isa = PBXBuildFile; fileRef = 236BEEAD1E1C914D00FAC4F7 /* Assets.xcassets */; };
		236BEEB11E1C914D00FAC4F7 /* LaunchScreen.storyboard in Resources */ = {isa = PBXBuildFile; fileRef = 236BEEAF1E1C914D00FAC4F7 /* LaunchScreen.storyboard */; };
		236BEEBC1E1C914D00FAC4F7 /* CATransactionDemoTests.swift in Sources */ = {isa = PBXBuildFile; fileRef = 236BEEBB1E1C914D00FAC4F7 /* CATransactionDemoTests.swift */; };
		236BEEC71E1C914D00FAC4F7 /* CATransactionDemoUITests.swift in Sources */ = {isa = PBXBuildFile; fileRef = 236BEEC61E1C914D00FAC4F7 /* CATransactionDemoUITests.swift */; };
/* End PBXBuildFile section */

/* Begin PBXContainerItemProxy section */
		236BEEB81E1C914D00FAC4F7 /* PBXContainerItemProxy */ = {
			isa = PBXContainerItemProxy;
			containerPortal = 236BEE9B1E1C914D00FAC4F7 /* Project object */;
			proxyType = 1;
			remoteGlobalIDString = 236BEEA21E1C914D00FAC4F7;
			remoteInfo = CATransactionDemo;
		};
		236BEEC31E1C914D00FAC4F7 /* PBXContainerItemProxy */ = {
			isa = PBXContainerItemProxy;
			containerPortal = 236BEE9B1E1C914D00FAC4F7 /* Project object */;
			proxyType = 1;
			remoteGlobalIDString = 236BEEA21E1C914D00FAC4F7;
			remoteInfo = CATransactionDemo;
		};
/* End PBXContainerItemProxy section */

/* Begin PBXFileReference section */
		236BEEA31E1C914D00FAC4F7 /* CATransactionDemo.app */ = {isa = PBXFileReference; explicitFileType = wrapper.application; includeInIndex = 0; path = CATransactionDemo.app; sourceTree = BUILT_PRODUCTS_DIR; };
		236BEEA61E1C914D00FAC4F7 /* AppDelegate.swift */ = {isa = PBXFileReference; lastKnownFileType = sourcecode.swift; path = AppDelegate.swift; sourceTree = "<group>"; };
		236BEEA81E1C914D00FAC4F7 /* ViewController.swift */ = {isa = PBXFileReference; lastKnownFileType = sourcecode.swift; path = ViewController.swift; sourceTree = "<group>"; };
		236BEEAB1E1C914D00FAC4F7 /* Base */ = {isa = PBXFileReference; lastKnownFileType = file.storyboard; name = Base; path = Base.lproj/Main.storyboard; sourceTree = "<group>"; };
		236BEEAD1E1C914D00FAC4F7 /* Assets.xcassets */ = {isa = PBXFileReference; lastKnownFileType = folder.assetcatalog; path = Assets.xcassets; sourceTree = "<group>"; };
		236BEEB01E1C914D00FAC4F7 /* Base */ = {isa = PBXFileReference; lastKnownFileType = file.storyboard; name = Base; path = Base.lproj/LaunchScreen.storyboard; sourceTree = "<group>"; };
		236BEEB21E1C914D00FAC4F7 /* Info.plist */ = {isa = PBXFileReference; lastKnownFileType = text.plist.xml; path = Info.plist; sourceTree = "<group>"; };
		236BEEB71E1C914D00FAC4F7 /* CATransactionDemoTests.xctest */ = {isa = PBXFileReference; explicitFileType = wrapper.cfbundle; includeInIndex = 0; path = CATransactionDemoTests.xctest; sourceTree = BUILT_PRODUCTS_DIR; };
		236BEEBB1E1C914D00FAC4F7 /* CATransactionDemoTests.swift */ = {isa = PBXFileReference; lastKnownFileType = sourcecode.swift; path = CATransactionDemoTests.swift; sourceTree = "<group>"; };
		236BEEBD1E1C914D00FAC4F7 /* Info.plist */ = {isa = PBXFileReference; lastKnownFileType = text.plist.xml; path = Info.plist; sourceTree = "<group>"; };
		236BEEC21E1C914D00FAC4F7 /* CATransactionDemoUITests.xctest */ = {isa = PBXFileReference; explicitFileType = wrapper.cfbundle; includeInIndex = 0; path = CATransactionDemoUITests.xctest; sourceTree = BUILT_PRODUCTS_DIR; };
		236BEEC61E1C914D00FAC4F7 /* CATransactionDemoUITests.swift */ = {isa = PBXFileReference; lastKnownFileType = sourcecode.swift; path = CATransactionDemoUITests.swift; sourceTree = "<group>"; };
		236BEEC81E1C914D00FAC4F7 /* Info.plist */ = {isa = PBXFileReference; lastKnownFileType = text.plist.xml; path = Info.plist; sourceTree = "<group>"; };
/* End PBXFileReference section */

/* Begin PBXFrameworksBuildPhase section */
		236BEEA01E1C914D00FAC4F7 /* Frameworks */ = {
			isa = PBXFrameworksBuildPhase;
			buildActionMask = 2147483647;
			files = (
			);
			runOnlyForDeploymentPostprocessing = 0;
		};
		236BEEB41E1C914D00FAC4F7 /* Frameworks */ = {
			isa = PBXFrameworksBuildPhase;
			buildActionMask = 2147483647;
			files = (
			);
			runOnlyForDeploymentPostprocessing = 0;
		};
		236BEEBF1E1C914D00FAC4F7 /* Frameworks */ = {
			isa = PBXFrameworksBuildPhase;
			buildActionMask = 2147483647;
			files = (
			);
			runOnlyForDeploymentPostprocessing = 0;
		};
/* End PBXFrameworksBuildPhase section */

/* Begin PBXGroup section */
		236BEE9A1E1C914D00FAC4F7 = {
			isa = PBXGroup;
			children = (
				236BEEA51E1C914D00FAC4F7 /* CATransactionDemo */,
				236BEEBA1E1C914D00FAC4F7 /* CATransactionDemoTests */,
				236BEEC51E1C914D00FAC4F7 /* CATransactionDemoUITests */,
				236BEEA41E1C914D00FAC4F7 /* Products */,
			);
			sourceTree = "<group>";
		};
		236BEEA41E1C914D00FAC4F7 /* Products */ = {
			isa = PBXGroup;
			children = (
				236BEEA31E1C914D00FAC4F7 /* CATransactionDemo.app */,
				236BEEB71E1C914D00FAC4F7 /* CATransactionDemoTests.xctest */,
				236BEEC21E1C914D00FAC4F7 /* CATransactionDemoUITests.xctest */,
			);
			name = Products;
			sourceTree = "<group>";
		};
		236BEEA51E1C914D00FAC4F7 /* CATransactionDemo */ = {
			isa = PBXGroup;
			children = (
				236BEEA61E1C914D00FAC4F7 /* AppDelegate.swift */,
				236BEEA81E1C914D00FAC4F7 /* ViewController.swift */,
				236BEEAA1E1C914D00FAC4F7 /* Main.storyboard */,
				236BEEAD1E1C914D00FAC4F7 /* Assets.xcassets */,
				236BEEAF1E1C914D00FAC4F7 /* LaunchScreen.storyboard */,
				236BEEB21E1C914D00FAC4F7 /* Info.plist */,
			);
			path = CATransactionDemo;
			sourceTree = "<group>";
		};
		236BEEBA1E1C914D00FAC4F7 /* CATransactionDemoTests */ = {
			isa = PBXGroup;
			children = (
				236BEEBB1E1C914D00FAC4F7 /* CATransactionDemoTests.swift */,
				236BEEBD1E1C914D00FAC4F7 /* Info.plist */,
			);
			path = CATransactionDemoTests;
			sourceTree = "<group>";
		};
		236BEEC51E1C914D00FAC4F7 /* CATransactionDemoUITests */ = {
			isa = PBXGroup;
			children = (
				236BEEC61E1C914D00FAC4F7 /* CATransactionDemoUITests.swift */,
				236BEEC81E1C914D00FAC4F7 /* Info.plist */,
			);
			path = CATransactionDemoUITests;
			sourceTree = "<group>";
		};
/* End PBXGroup section */

/* Begin PBXNativeTarget section */
		236BEEA21E1C914D00FAC4F7 /* CATransactionDemo */ = {
			isa = PBXNativeTarget;
			buildConfigurationList = 236BEECB1E1C914D00FAC4F7 /* Build configuration list for PBXNativeTarget "CATransactionDemo" */;
			buildPhases = (
				236BEE9F1E1C914D00FAC4F7 /* Sources */,
				236BEEA01E1C914D00FAC4F7 /* Frameworks */,
				236BEEA11E1C914D00FAC4F7 /* Resources */,
			);
			buildRules = (
			);
			dependencies = (
			);
			name = CATransactionDemo;
			productName = CATransactionDemo;
			productReference = 236BEEA31E1C914D00FAC4F7 /* CATransactionDemo.app */;
			productType = "com.apple.product-type.application";
		};
		236BEEB61E1C914D00FAC4F7 /* CATransactionDemoTests */ = {
			isa = PBXNativeTarget;
			buildConfigurationList = 236BEECE1E1C914D00FAC4F7 /* Build configuration list for PBXNativeTarget "CATransactionDemoTests" */;
			buildPhases = (
				236BEEB31E1C914D00FAC4F7 /* Sources */,
				236BEEB41E1C914D00FAC4F7 /* Frameworks */,
				236BEEB51E1C914D00FAC4F7 /* Resources */,
			);
			buildRules = (
			);
			dependencies = (
				236BEEB91E1C914D00FAC4F7 /* PBXTargetDependency */,
			);
			name = CATransactionDemoTests;
			productName = CATransactionDemoTests;
			productReference = 236BEEB71E1C914D00FAC4F7 /* CATransactionDemoTests.xctest */;
			productType = "com.apple.product-type.bundle.unit-test";
		};
		236BEEC11E1C914D00FAC4F7 /* CATransactionDemoUITests */ = {
			isa = PBXNativeTarget;
			buildConfigurationList = 236BEED11E1C914D00FAC4F7 /* Build configuration list for PBXNativeTarget "CATransactionDemoUITests" */;
			buildPhases = (
				236BEEBE1E1C914D00FAC4F7 /* Sources */,
				236BEEBF1E1C914D00FAC4F7 /* Frameworks */,
				236BEEC01E1C914D00FAC4F7 /* Resources */,
			);
			buildRules = (
			);
			dependencies = (
				236BEEC41E1C914D00FAC4F7 /* PBXTargetDependency */,
			);
			name = CATransactionDemoUITests;
			productName = CATransactionDemoUITests;
			productReference = 236BEEC21E1C914D00FAC4F7 /* CATransactionDemoUITests.xctest */;
			productType = "com.apple.product-type.bundle.ui-testing";
		};
/* End PBXNativeTarget section */

/* Begin PBXProject section */
		236BEE9B1E1C914D00FAC4F7 /* Project object */ = {
			isa = PBXProject;
			attributes = {
				LastSwiftUpdateCheck = 0820;
				LastUpgradeCheck = 0820;
				ORGANIZATIONNAME = WangSuyan;
				TargetAttributes = {
					236BEEA21E1C914D00FAC4F7 = {
						CreatedOnToolsVersion = 8.2.1;
						DevelopmentTeam = D47CZT3KBD;
						ProvisioningStyle = Automatic;
					};
					236BEEB61E1C914D00FAC4F7 = {
						CreatedOnToolsVersion = 8.2.1;
						DevelopmentTeam = D47CZT3KBD;
						ProvisioningStyle = Automatic;
						TestTargetID = 236BEEA21E1C914D00FAC4F7;
					};
					236BEEC11E1C914D00FAC4F7 = {
						CreatedOnToolsVersion = 8.2.1;
						DevelopmentTeam = D47CZT3KBD;
						ProvisioningStyle = Automatic;
						TestTargetID = 236BEEA21E1C914D00FAC4F7;
					};
				};
			};
			buildConfigurationList = 236BEE9E1E1C914D00FAC4F7 /* Build configuration list for PBXProject "CATransactionDemo" */;
			compatibilityVersion = "Xcode 3.2";
			developmentRegion = English;
			hasScannedForEncodings = 0;
			knownRegions = (
				en,
				Base,
			);
			mainGroup = 236BEE9A1E1C914D00FAC4F7;
			productRefGroup = 236BEEA41E1C914D00FAC4F7 /* Products */;
			projectDirPath = "";
			projectRoot = "";
			targets = (
				236BEEA21E1C914D00FAC4F7 /* CATransactionDemo */,
				236BEEB61E1C914D00FAC4F7 /* CATransactionDemoTests */,
				236BEEC11E1C914D00FAC4F7 /* CATransactionDemoUITests */,
			);
		};
/* End PBXProject section */

/* Begin PBXResourcesBuildPhase section */
		236BEEA11E1C914D00FAC4F7 /* Resources */ = {
			isa = PBXResourcesBuildPhase;
			buildActionMask = 2147483647;
			files = (
				236BEEB11E1C914D00FAC4F7 /* LaunchScreen.storyboard in Resources */,
				236BEEAE1E1C914D00FAC4F7 /* Assets.xcassets in Resources */,
				236BEEAC1E1C914D00FAC4F7 /* Main.storyboard in Resources */,
			);
			runOnlyForDeploymentPostprocessing = 0;
		};
		236BEEB51E1C914D00FAC4F7 /* Resources */ = {
			isa = PBXResourcesBuildPhase;
			buildActionMask = 2147483647;
			files = (
			);
			runOnlyForDeploymentPostprocessing = 0;
		};
		236BEEC01E1C914D00FAC4F7 /* Resources */ = {
			isa = PBXResourcesBuildPhase;
			buildActionMask = 2147483647;
			files = (
			);
			runOnlyForDeploymentPostprocessing = 0;
		};
/* End PBXResourcesBuildPhase section */

/* Begin PBXSourcesBuildPhase section */
		236BEE9F1E1C914D00FAC4F7 /* Sources */ = {
			isa = PBXSourcesBuildPhase;
			buildActionMask = 2147483647;
			files = (
				236BEEA91E1C914D00FAC4F7 /* ViewController.swift in Sources */,
				236BEEA71E1C914D00FAC4F7 /* AppDelegate.swift in Sources */,
			);
			runOnlyForDeploymentPostprocessing = 0;
		};
		236BEEB31E1C914D00FAC4F7 /* Sources */ = {
			isa = PBXSourcesBuildPhase;
			buildActionMask = 2147483647;
			files = (
				236BEEBC1E1C914D00FAC4F7 /* CATransactionDemoTests.swift in Sources */,
			);
			runOnlyForDeploymentPostprocessing = 0;
		};
		236BEEBE1E1C914D00FAC4F7 /* Sources */ = {
			isa = PBXSourcesBuildPhase;
			buildActionMask = 2147483647;
			files = (
				236BEEC71E1C914D00FAC4F7 /* CATransactionDemoUITests.swift in Sources */,
			);
			runOnlyForDeploymentPostprocessing = 0;
		};
/* End PBXSourcesBuildPhase section */

/* Begin PBXTargetDependency section */
		236BEEB91E1C914D00FAC4F7 /* PBXTargetDependency */ = {
			isa = PBXTargetDependency;
			target = 236BEEA21E1C914D00FAC4F7 /* CATransactionDemo */;
			targetProxy = 236BEEB81E1C914D00FAC4F7 /* PBXContainerItemProxy */;
		};
		236BEEC41E1C914D00FAC4F7 /* PBXTargetDependency */ = {
			isa = PBXTargetDependency;
			target = 236BEEA21E1C914D00FAC4F7 /* CATransactionDemo */;
			targetProxy = 236BEEC31E1C914D00FAC4F7 /* PBXContainerItemProxy */;
		};
/* End PBXTargetDependency section */

/* Begin PBXVariantGroup section */
		236BEEAA1E1C914D00FAC4F7 /* Main.storyboard */ = {
			isa = PBXVariantGroup;
			children = (
				236BEEAB1E1C914D00FAC4F7 /* Base */,
			);
			name = Main.storyboard;
			sourceTree = "<group>";
		};
		236BEEAF1E1C914D00FAC4F7 /* LaunchScreen.storyboard */ = {
			isa = PBXVariantGroup;
			children = (
				236BEEB01E1C914D00FAC4F7 /* Base */,
			);
			name = LaunchScreen.storyboard;
			sourceTree = "<group>";
		};
/* End PBXVariantGroup section */

/* Begin XCBuildConfiguration section */
		236BEEC91E1C914D00FAC4F7 /* Debug */ = {
			isa = XCBuildConfiguration;
			buildSettings = {
				ALWAYS_SEARCH_USER_PATHS = NO;
				CLANG_ANALYZER_NONNULL = YES;
				CLANG_CXX_LANGUAGE_STANDARD = "gnu++0x";
				CLANG_CXX_LIBRARY = "libc++";
				CLANG_ENABLE_MODULES = YES;
				CLANG_ENABLE_OBJC_ARC = YES;
				CLANG_WARN_BOOL_CONVERSION = YES;
				CLANG_WARN_CONSTANT_CONVERSION = YES;
				CLANG_WARN_DIRECT_OBJC_ISA_USAGE = YES_ERROR;
				CLANG_WARN_DOCUMENTATION_COMMENTS = YES;
				CLANG_WARN_EMPTY_BODY = YES;
				CLANG_WARN_ENUM_CONVERSION = YES;
				CLANG_WARN_INFINITE_RECURSION = YES;
				CLANG_WARN_INT_CONVERSION = YES;
				CLANG_WARN_OBJC_ROOT_CLASS = YES_ERROR;
				CLANG_WARN_SUSPICIOUS_MOVE = YES;
				CLANG_WARN_UNREACHABLE_CODE = YES;
				CLANG_WARN__DUPLICATE_METHOD_MATCH = YES;
				"CODE_SIGN_IDENTITY[sdk=iphoneos*]" = "iPhone Developer";
				COPY_PHASE_STRIP = NO;
				DEBUG_INFORMATION_FORMAT = dwarf;
				ENABLE_STRICT_OBJC_MSGSEND = YES;
				ENABLE_TESTABILITY = YES;
				GCC_C_LANGUAGE_STANDARD = gnu99;
				GCC_DYNAMIC_NO_PIC = NO;
				GCC_NO_COMMON_BLOCKS = YES;
				GCC_OPTIMIZATION_LEVEL = 0;
				GCC_PREPROCESSOR_DEFINITIONS = (
					"DEBUG=1",
					"$(inherited)",
				);
				GCC_WARN_64_TO_32_BIT_CONVERSION = YES;
				GCC_WARN_ABOUT_RETURN_TYPE = YES_ERROR;
				GCC_WARN_UNDECLARED_SELECTOR = YES;
				GCC_WARN_UNINITIALIZED_AUTOS = YES_AGGRESSIVE;
				GCC_WARN_UNUSED_FUNCTION = YES;
				GCC_WARN_UNUSED_VARIABLE = YES;
				IPHONEOS_DEPLOYMENT_TARGET = 10.2;
				MTL_ENABLE_DEBUG_INFO = YES;
				ONLY_ACTIVE_ARCH = YES;
				SDKROOT = iphoneos;
				SWIFT_ACTIVE_COMPILATION_CONDITIONS = DEBUG;
				SWIFT_OPTIMIZATION_LEVEL = "-Onone";
			};
			name = Debug;
		};
		236BEECA1E1C914D00FAC4F7 /* Release */ = {
			isa = XCBuildConfiguration;
			buildSettings = {
				ALWAYS_SEARCH_USER_PATHS = NO;
				CLANG_ANALYZER_NONNULL = YES;
				CLANG_CXX_LANGUAGE_STANDARD = "gnu++0x";
				CLANG_CXX_LIBRARY = "libc++";
				CLANG_ENABLE_MODULES = YES;
				CLANG_ENABLE_OBJC_ARC = YES;
				CLANG_WARN_BOOL_CONVERSION = YES;
				CLANG_WARN_CONSTANT_CONVERSION = YES;
				CLANG_WARN_DIRECT_OBJC_ISA_USAGE = YES_ERROR;
				CLANG_WARN_DOCUMENTATION_COMMENTS = YES;
				CLANG_WARN_EMPTY_BODY = YES;
				CLANG_WARN_ENUM_CONVERSION = YES;
				CLANG_WARN_INFINITE_RECURSION = YES;
				CLANG_WARN_INT_CONVERSION = YES;
				CLANG_WARN_OBJC_ROOT_CLASS = YES_ERROR;
				CLANG_WARN_SUSPICIOUS_MOVE = YES;
				CLANG_WARN_UNREACHABLE_CODE = YES;
				CLANG_WARN__DUPLICATE_METHOD_MATCH = YES;
				"CODE_SIGN_IDENTITY[sdk=iphoneos*]" = "iPhone Developer";
				COPY_PHASE_STRIP = NO;
				DEBUG_INFORMATION_FORMAT = "dwarf-with-dsym";
				ENABLE_NS_ASSERTIONS = NO;
				ENABLE_STRICT_OBJC_MSGSEND = YES;
				GCC_C_LANGUAGE_STANDARD = gnu99;
				GCC_NO_COMMON_BLOCKS = YES;
				GCC_WARN_64_TO_32_BIT_CONVERSION = YES;
				GCC_WARN_ABOUT_RETURN_TYPE = YES_ERROR;
				GCC_WARN_UNDECLARED_SELECTOR = YES;
				GCC_WARN_UNINITIALIZED_AUTOS = YES_AGGRESSIVE;
				GCC_WARN_UNUSED_FUNCTION = YES;
				GCC_WARN_UNUSED_VARIABLE = YES;
				IPHONEOS_DEPLOYMENT_TARGET = 10.2;
				MTL_ENABLE_DEBUG_INFO = NO;
				SDKROOT = iphoneos;
				SWIFT_OPTIMIZATION_LEVEL = "-Owholemodule";
				VALIDATE_PRODUCT = YES;
			};
			name = Release;
		};
		236BEECC1E1C914D00FAC4F7 /* Debug */ = {
			isa = XCBuildConfiguration;
			buildSettings = {
				ASSETCATALOG_COMPILER_APPICON_NAME = AppIcon;
				DEVELOPMENT_TEAM = D47CZT3KBD;
				INFOPLIST_FILE = CATransactionDemo/Info.plist;
				IPHONEOS_DEPLOYMENT_TARGET = 10.0;
				LD_RUNPATH_SEARCH_PATHS = "$(inherited) @executable_path/Frameworks";
				PRODUCT_BUNDLE_IDENTIFIER = wsy.CATransactionDemo;
				PRODUCT_NAME = "$(TARGET_NAME)";
				SWIFT_VERSION = 3.0;
			};
			name = Debug;
		};
		236BEECD1E1C914D00FAC4F7 /* Release */ = {
			isa = XCBuildConfiguration;
			buildSettings = {
				ASSETCATALOG_COMPILER_APPICON_NAME = AppIcon;
				DEVELOPMENT_TEAM = D47CZT3KBD;
				INFOPLIST_FILE = CATransactionDemo/Info.plist;
				IPHONEOS_DEPLOYMENT_TARGET = 10.0;
				LD_RUNPATH_SEARCH_PATHS = "$(inherited) @executable_path/Frameworks";
				PRODUCT_BUNDLE_IDENTIFIER = wsy.CATransactionDemo;
				PRODUCT_NAME = "$(TARGET_NAME)";
				SWIFT_VERSION = 3.0;
			};
			name = Release;
		};
		236BEECF1E1C914D00FAC4F7 /* Debug */ = {
			isa = XCBuildConfiguration;
			buildSettings = {
				ALWAYS_EMBED_SWIFT_STANDARD_LIBRARIES = YES;
				BUNDLE_LOADER = "$(TEST_HOST)";
				DEVELOPMENT_TEAM = D47CZT3KBD;
				INFOPLIST_FILE = CATransactionDemoTests/Info.plist;
				LD_RUNPATH_SEARCH_PATHS = "$(inherited) @executable_path/Frameworks @loader_path/Frameworks";
				PRODUCT_BUNDLE_IDENTIFIER = wsy.CATransactionDemoTests;
				PRODUCT_NAME = "$(TARGET_NAME)";
				SWIFT_VERSION = 3.0;
				TEST_HOST = "$(BUILT_PRODUCTS_DIR)/CATransactionDemo.app/CATransactionDemo";
			};
			name = Debug;
		};
		236BEED01E1C914D00FAC4F7 /* Release */ = {
			isa = XCBuildConfiguration;
			buildSettings = {
				ALWAYS_EMBED_SWIFT_STANDARD_LIBRARIES = YES;
				BUNDLE_LOADER = "$(TEST_HOST)";
				DEVELOPMENT_TEAM = D47CZT3KBD;
				INFOPLIST_FILE = CATransactionDemoTests/Info.plist;
				LD_RUNPATH_SEARCH_PATHS = "$(inherited) @executable_path/Frameworks @loader_path/Frameworks";
				PRODUCT_BUNDLE_IDENTIFIER = wsy.CATransactionDemoTests;
				PRODUCT_NAME = "$(TARGET_NAME)";
				SWIFT_VERSION = 3.0;
				TEST_HOST = "$(BUILT_PRODUCTS_DIR)/CATransactionDemo.app/CATransactionDemo";
			};
			name = Release;
		};
		236BEED21E1C914D00FAC4F7 /* Debug */ = {
			isa = XCBuildConfiguration;
			buildSettings = {
				ALWAYS_EMBED_SWIFT_STANDARD_LIBRARIES = YES;
				DEVELOPMENT_TEAM = D47CZT3KBD;
				INFOPLIST_FILE = CATransactionDemoUITests/Info.plist;
				LD_RUNPATH_SEARCH_PATHS = "$(inherited) @executable_path/Frameworks @loader_path/Frameworks";
				PRODUCT_BUNDLE_IDENTIFIER = wsy.CATransactionDemoUITests;
				PRODUCT_NAME = "$(TARGET_NAME)";
				SWIFT_VERSION = 3.0;
				TEST_TARGET_NAME = CATransactionDemo;
			};
			name = Debug;
		};
		236BEED31E1C914D00FAC4F7 /* Release */ = {
			isa = XCBuildConfiguration;
			buildSettings = {
				ALWAYS_EMBED_SWIFT_STANDARD_LIBRARIES = YES;
				DEVELOPMENT_TEAM = D47CZT3KBD;
				INFOPLIST_FILE = CATransactionDemoUITests/Info.plist;
				LD_RUNPATH_SEARCH_PATHS = "$(inherited) @executable_path/Frameworks @loader_path/Frameworks";
				PRODUCT_BUNDLE_IDENTIFIER = wsy.CATransactionDemoUITests;
				PRODUCT_NAME = "$(TARGET_NAME)";
				SWIFT_VERSION = 3.0;
				TEST_TARGET_NAME = CATransactionDemo;
			};
			name = Release;
		};
/* End XCBuildConfiguration section */

/* Begin XCConfigurationList section */
		236BEE9E1E1C914D00FAC4F7 /* Build configuration list for PBXProject "CATransactionDemo" */ = {
			isa = XCConfigurationList;
			buildConfigurations = (
				236BEEC91E1C914D00FAC4F7 /* Debug */,
				236BEECA1E1C914D00FAC4F7 /* Release */,
			);
			defaultConfigurationIsVisible = 0;
			defaultConfigurationName = Release;
		};
		236BEECB1E1C914D00FAC4F7 /* Build configuration list for PBXNativeTarget "CATransactionDemo" */ = {
			isa = XCConfigurationList;
			buildConfigurations = (
				236BEECC1E1C914D00FAC4F7 /* Debug */,
				236BEECD1E1C914D00FAC4F7 /* Release */,
			);
			defaultConfigurationIsVisible = 0;
		};
		236BEECE1E1C914D00FAC4F7 /* Build configuration list for PBXNativeTarget "CATransactionDemoTests" */ = {
			isa = XCConfigurationList;
			buildConfigurations = (
				236BEECF1E1C914D00FAC4F7 /* Debug */,
				236BEED01E1C914D00FAC4F7 /* Release */,
			);
			defaultConfigurationIsVisible = 0;
		};
		236BEED11E1C914D00FAC4F7 /* Build configuration list for PBXNativeTarget "CATransactionDemoUITests" */ = {
			isa = XCConfigurationList;
			buildConfigurations = (
				236BEED21E1C914D00FAC4F7 /* Debug */,
				236BEED31E1C914D00FAC4F7 /* Release */,
			);
			defaultConfigurationIsVisible = 0;
		};
/* End XCConfigurationList section */
	};
	rootObject = 236BEE9B1E1C914D00FAC4F7 /* Project object */;
}
