// !$*UTF8*$!
{
	archiveVersion = 1;
	classes = {
	};
	objectVersion = 46;
	objects = {

/* Begin PBXBuildFile section */
		2A4A28131F39C3230013FAE5 /* AppDelegate.swift in Sources */ = {isa = PBXBuildFile; fileRef = 2A4A28121F39C3230013FAE5 /* AppDelegate.swift */; };
		2A4A28151F39C3230013FAE5 /* ViewController.swift in Sources */ = {isa = PBXBuildFile; fileRef = 2A4A28141F39C3230013FAE5 /* ViewController.swift */; };
		2A4A28181F39C3230013FAE5 /* Main.storyboard in Resources */ = {isa = PBXBuildFile; fileRef = 2A4A28161F39C3230013FAE5 /* Main.storyboard */; };
		2A4A281A1F39C3230013FAE5 /* Assets.xcassets in Resources */ = {isa = PBXBuildFile; fileRef = 2A4A28191F39C3230013FAE5 /* Assets.xcassets */; };
		2A4A281D1F39C3230013FAE5 /* LaunchScreen.storyboard in Resources */ = {isa = PBXBuildFile; fileRef = 2A4A281B1F39C3230013FAE5 /* LaunchScreen.storyboard */; };
		2A4A28281F39C3230013FAE5 /* RealmTest_swift_Tests.swift in Sources */ = {isa = PBXBuildFile; fileRef = 2A4A28271F39C3230013FAE5 /* RealmTest_swift_Tests.swift */; };
		2A4A28331F39C3230013FAE5 /* RealmTest_swift_UITests.swift in Sources */ = {isa = PBXBuildFile; fileRef = 2A4A28321F39C3230013FAE5 /* RealmTest_swift_UITests.swift */; };
		2A7460431F3AAE0D00AD534C /* Task.swift in Sources */ = {isa = PBXBuildFile; fileRef = 2A7460421F3AAE0D00AD534C /* Task.swift */; };
		5836CED9B075AA8FBF64B62A /* Pods_RealmTest_swift_.framework in Frameworks */ = {isa = PBXBuildFile; fileRef = 7FE35D0869BDABADEEB896FE /* Pods_RealmTest_swift_.framework */; };
/* End PBXBuildFile section */

/* Begin PBXContainerItemProxy section */
		2A4A28241F39C3230013FAE5 /* PBXContainerItemProxy */ = {
			isa = PBXContainerItemProxy;
			containerPortal = 2A4A28071F39C3230013FAE5 /* Project object */;
			proxyType = 1;
			remoteGlobalIDString = 2A4A280E1F39C3230013FAE5;
			remoteInfo = "RealmTest-swift-";
		};
		2A4A282F1F39C3230013FAE5 /* PBXContainerItemProxy */ = {
			isa = PBXContainerItemProxy;
			containerPortal = 2A4A28071F39C3230013FAE5 /* Project object */;
			proxyType = 1;
			remoteGlobalIDString = 2A4A280E1F39C3230013FAE5;
			remoteInfo = "RealmTest-swift-";
		};
/* End PBXContainerItemProxy section */

/* Begin PBXFileReference section */
		13AEE1A034C235F8DC18CE61 /* Pods-RealmTest-swift-.release.xcconfig */ = {isa = PBXFileReference; includeInIndex = 1; lastKnownFileType = text.xcconfig; name = "Pods-RealmTest-swift-.release.xcconfig"; path = "Pods/Target Support Files/Pods-RealmTest-swift-/Pods-RealmTest-swift-.release.xcconfig"; sourceTree = "<group>"; };
		2A4A280F1F39C3230013FAE5 /* RealmTest-swift-.app */ = {isa = PBXFileReference; explicitFileType = wrapper.application; includeInIndex = 0; path = "RealmTest-swift-.app"; sourceTree = BUILT_PRODUCTS_DIR; };
		2A4A28121F39C3230013FAE5 /* AppDelegate.swift */ = {isa = PBXFileReference; lastKnownFileType = sourcecode.swift; path = AppDelegate.swift; sourceTree = "<group>"; };
		2A4A28141F39C3230013FAE5 /* ViewController.swift */ = {isa = PBXFileReference; lastKnownFileType = sourcecode.swift; path = ViewController.swift; sourceTree = "<group>"; };
		2A4A28171F39C3230013FAE5 /* Base */ = {isa = PBXFileReference; lastKnownFileType = file.storyboard; name = Base; path = Base.lproj/Main.storyboard; sourceTree = "<group>"; };
		2A4A28191F39C3230013FAE5 /* Assets.xcassets */ = {isa = PBXFileReference; lastKnownFileType = folder.assetcatalog; path = Assets.xcassets; sourceTree = "<group>"; };
		2A4A281C1F39C3230013FAE5 /* Base */ = {isa = PBXFileReference; lastKnownFileType = file.storyboard; name = Base; path = Base.lproj/LaunchScreen.storyboard; sourceTree = "<group>"; };
		2A4A281E1F39C3230013FAE5 /* Info.plist */ = {isa = PBXFileReference; lastKnownFileType = text.plist.xml; path = Info.plist; sourceTree = "<group>"; };
		2A4A28231F39C3230013FAE5 /* RealmTest-swift-Tests.xctest */ = {isa = PBXFileReference; explicitFileType = wrapper.cfbundle; includeInIndex = 0; path = "RealmTest-swift-Tests.xctest"; sourceTree = BUILT_PRODUCTS_DIR; };
		2A4A28271F39C3230013FAE5 /* RealmTest_swift_Tests.swift */ = {isa = PBXFileReference; lastKnownFileType = sourcecode.swift; path = RealmTest_swift_Tests.swift; sourceTree = "<group>"; };
		2A4A28291F39C3230013FAE5 /* Info.plist */ = {isa = PBXFileReference; lastKnownFileType = text.plist.xml; path = Info.plist; sourceTree = "<group>"; };
		2A4A282E1F39C3230013FAE5 /* RealmTest-swift-UITests.xctest */ = {isa = PBXFileReference; explicitFileType = wrapper.cfbundle; includeInIndex = 0; path = "RealmTest-swift-UITests.xctest"; sourceTree = BUILT_PRODUCTS_DIR; };
		2A4A28321F39C3230013FAE5 /* RealmTest_swift_UITests.swift */ = {isa = PBXFileReference; lastKnownFileType = sourcecode.swift; path = RealmTest_swift_UITests.swift; sourceTree = "<group>"; };
		2A4A28341F39C3230013FAE5 /* Info.plist */ = {isa = PBXFileReference; lastKnownFileType = text.plist.xml; path = Info.plist; sourceTree = "<group>"; };
		2A7460421F3AAE0D00AD534C /* Task.swift */ = {isa = PBXFileReference; fileEncoding = 4; lastKnownFileType = sourcecode.swift; path = Task.swift; sourceTree = "<group>"; };
		7FE35D0869BDABADEEB896FE /* Pods_RealmTest_swift_.framework */ = {isa = PBXFileReference; explicitFileType = wrapper.framework; includeInIndex = 0; path = Pods_RealmTest_swift_.framework; sourceTree = BUILT_PRODUCTS_DIR; };
		DB863CD3C757B4946C7083EF /* Pods-RealmTest-swift-.debug.xcconfig */ = {isa = PBXFileReference; includeInIndex = 1; lastKnownFileType = text.xcconfig; name = "Pods-RealmTest-swift-.debug.xcconfig"; path = "Pods/Target Support Files/Pods-RealmTest-swift-/Pods-RealmTest-swift-.debug.xcconfig"; sourceTree = "<group>"; };
/* End PBXFileReference section */

/* Begin PBXFrameworksBuildPhase section */
		2A4A280C1F39C3230013FAE5 /* Frameworks */ = {
			isa = PBXFrameworksBuildPhase;
			buildActionMask = 2147483647;
			files = (
				5836CED9B075AA8FBF64B62A /* Pods_RealmTest_swift_.framework in Frameworks */,
			);
			runOnlyForDeploymentPostprocessing = 0;
		};
		2A4A28201F39C3230013FAE5 /* Frameworks */ = {
			isa = PBXFrameworksBuildPhase;
			buildActionMask = 2147483647;
			files = (
			);
			runOnlyForDeploymentPostprocessing = 0;
		};
		2A4A282B1F39C3230013FAE5 /* Frameworks */ = {
			isa = PBXFrameworksBuildPhase;
			buildActionMask = 2147483647;
			files = (
			);
			runOnlyForDeploymentPostprocessing = 0;
		};
/* End PBXFrameworksBuildPhase section */

/* Begin PBXGroup section */
		22CC0486362F46D143DE5068 /* Frameworks */ = {
			isa = PBXGroup;
			children = (
				7FE35D0869BDABADEEB896FE /* Pods_RealmTest_swift_.framework */,
			);
			name = Frameworks;
			sourceTree = "<group>";
		};
		2A4A28061F39C3230013FAE5 = {
			isa = PBXGroup;
			children = (
				2A4A28111F39C3230013FAE5 /* RealmTest-swift- */,
				2A4A28261F39C3230013FAE5 /* RealmTest-swift-Tests */,
				2A4A28311F39C3230013FAE5 /* RealmTest-swift-UITests */,
				2A4A28101F39C3230013FAE5 /* Products */,
				AB2C252F65642605ED03F780 /* Pods */,
				22CC0486362F46D143DE5068 /* Frameworks */,
			);
			sourceTree = "<group>";
		};
		2A4A28101F39C3230013FAE5 /* Products */ = {
			isa = PBXGroup;
			children = (
				2A4A280F1F39C3230013FAE5 /* RealmTest-swift-.app */,
				2A4A28231F39C3230013FAE5 /* RealmTest-swift-Tests.xctest */,
				2A4A282E1F39C3230013FAE5 /* RealmTest-swift-UITests.xctest */,
			);
			name = Products;
			sourceTree = "<group>";
		};
		2A4A28111F39C3230013FAE5 /* RealmTest-swift- */ = {
			isa = PBXGroup;
			children = (
				2A4A28121F39C3230013FAE5 /* AppDelegate.swift */,
				2A4A28141F39C3230013FAE5 /* ViewController.swift */,
				2A7460421F3AAE0D00AD534C /* Task.swift */,
				2A4A28161F39C3230013FAE5 /* Main.storyboard */,
				2A4A28191F39C3230013FAE5 /* Assets.xcassets */,
				2A4A281B1F39C3230013FAE5 /* LaunchScreen.storyboard */,
				2A4A281E1F39C3230013FAE5 /* Info.plist */,
			);
			path = "RealmTest-swift-";
			sourceTree = "<group>";
		};
		2A4A28261F39C3230013FAE5 /* RealmTest-swift-Tests */ = {
			isa = PBXGroup;
			children = (
				2A4A28271F39C3230013FAE5 /* RealmTest_swift_Tests.swift */,
				2A4A28291F39C3230013FAE5 /* Info.plist */,
			);
			path = "RealmTest-swift-Tests";
			sourceTree = "<group>";
		};
		2A4A28311F39C3230013FAE5 /* RealmTest-swift-UITests */ = {
			isa = PBXGroup;
			children = (
				2A4A28321F39C3230013FAE5 /* RealmTest_swift_UITests.swift */,
				2A4A28341F39C3230013FAE5 /* Info.plist */,
			);
			path = "RealmTest-swift-UITests";
			sourceTree = "<group>";
		};
		AB2C252F65642605ED03F780 /* Pods */ = {
			isa = PBXGroup;
			children = (
				DB863CD3C757B4946C7083EF /* Pods-RealmTest-swift-.debug.xcconfig */,
				13AEE1A034C235F8DC18CE61 /* Pods-RealmTest-swift-.release.xcconfig */,
			);
			name = Pods;
			sourceTree = "<group>";
		};
/* End PBXGroup section */

/* Begin PBXNativeTarget section */
		2A4A280E1F39C3230013FAE5 /* RealmTest-swift- */ = {
			isa = PBXNativeTarget;
			buildConfigurationList = 2A4A28371F39C3230013FAE5 /* Build configuration list for PBXNativeTarget "RealmTest-swift-" */;
			buildPhases = (
				70BE808C2FE0442BCA6B2396 /* [CP] Check Pods Manifest.lock */,
				2A4A280B1F39C3230013FAE5 /* Sources */,
				2A4A280C1F39C3230013FAE5 /* Frameworks */,
				2A4A280D1F39C3230013FAE5 /* Resources */,
				2D84CD203EC2FBF2B1F12185 /* [CP] Embed Pods Frameworks */,
				F54E02CAB8D1135F4554A754 /* [CP] Copy Pods Resources */,
			);
			buildRules = (
			);
			dependencies = (
			);
			name = "RealmTest-swift-";
			productName = "RealmTest-swift-";
			productReference = 2A4A280F1F39C3230013FAE5 /* RealmTest-swift-.app */;
			productType = "com.apple.product-type.application";
		};
		2A4A28221F39C3230013FAE5 /* RealmTest-swift-Tests */ = {
			isa = PBXNativeTarget;
			buildConfigurationList = 2A4A283A1F39C3230013FAE5 /* Build configuration list for PBXNativeTarget "RealmTest-swift-Tests" */;
			buildPhases = (
				2A4A281F1F39C3230013FAE5 /* Sources */,
				2A4A28201F39C3230013FAE5 /* Frameworks */,
				2A4A28211F39C3230013FAE5 /* Resources */,
			);
			buildRules = (
			);
			dependencies = (
				2A4A28251F39C3230013FAE5 /* PBXTargetDependency */,
			);
			name = "RealmTest-swift-Tests";
			productName = "RealmTest-swift-Tests";
			productReference = 2A4A28231F39C3230013FAE5 /* RealmTest-swift-Tests.xctest */;
			productType = "com.apple.product-type.bundle.unit-test";
		};
		2A4A282D1F39C3230013FAE5 /* RealmTest-swift-UITests */ = {
			isa = PBXNativeTarget;
			buildConfigurationList = 2A4A283D1F39C3230013FAE5 /* Build configuration list for PBXNativeTarget "RealmTest-swift-UITests" */;
			buildPhases = (
				2A4A282A1F39C3230013FAE5 /* Sources */,
				2A4A282B1F39C3230013FAE5 /* Frameworks */,
				2A4A282C1F39C3230013FAE5 /* Resources */,
			);
			buildRules = (
			);
			dependencies = (
				2A4A28301F39C3230013FAE5 /* PBXTargetDependency */,
			);
			name = "RealmTest-swift-UITests";
			productName = "RealmTest-swift-UITests";
			productReference = 2A4A282E1F39C3230013FAE5 /* RealmTest-swift-UITests.xctest */;
			productType = "com.apple.product-type.bundle.ui-testing";
		};
/* End PBXNativeTarget section */

/* Begin PBXProject section */
		2A4A28071F39C3230013FAE5 /* Project object */ = {
			isa = PBXProject;
			attributes = {
				LastSwiftUpdateCheck = 0830;
				LastUpgradeCheck = 0830;
				ORGANIZATIONNAME = "武卓";
				TargetAttributes = {
					2A4A280E1F39C3230013FAE5 = {
						CreatedOnToolsVersion = 8.3.3;
						DevelopmentTeam = 2RXNZ99CUD;
						ProvisioningStyle = Automatic;
					};
					2A4A28221F39C3230013FAE5 = {
						CreatedOnToolsVersion = 8.3.3;
						DevelopmentTeam = 2RXNZ99CUD;
						ProvisioningStyle = Automatic;
						TestTargetID = 2A4A280E1F39C3230013FAE5;
					};
					2A4A282D1F39C3230013FAE5 = {
						CreatedOnToolsVersion = 8.3.3;
						DevelopmentTeam = 2RXNZ99CUD;
						ProvisioningStyle = Automatic;
						TestTargetID = 2A4A280E1F39C3230013FAE5;
					};
				};
			};
			buildConfigurationList = 2A4A280A1F39C3230013FAE5 /* Build configuration list for PBXProject "RealmTest-swift-" */;
			compatibilityVersion = "Xcode 3.2";
			developmentRegion = English;
			hasScannedForEncodings = 0;
			knownRegions = (
				en,
				Base,
			);
			mainGroup = 2A4A28061F39C3230013FAE5;
			productRefGroup = 2A4A28101F39C3230013FAE5 /* Products */;
			projectDirPath = "";
			projectRoot = "";
			targets = (
				2A4A280E1F39C3230013FAE5 /* RealmTest-swift- */,
				2A4A28221F39C3230013FAE5 /* RealmTest-swift-Tests */,
				2A4A282D1F39C3230013FAE5 /* RealmTest-swift-UITests */,
			);
		};
/* End PBXProject section */

/* Begin PBXResourcesBuildPhase section */
		2A4A280D1F39C3230013FAE5 /* Resources */ = {
			isa = PBXResourcesBuildPhase;
			buildActionMask = 2147483647;
			files = (
				2A4A281D1F39C3230013FAE5 /* LaunchScreen.storyboard in Resources */,
				2A4A281A1F39C3230013FAE5 /* Assets.xcassets in Resources */,
				2A4A28181F39C3230013FAE5 /* Main.storyboard in Resources */,
			);
			runOnlyForDeploymentPostprocessing = 0;
		};
		2A4A28211F39C3230013FAE5 /* Resources */ = {
			isa = PBXResourcesBuildPhase;
			buildActionMask = 2147483647;
			files = (
			);
			runOnlyForDeploymentPostprocessing = 0;
		};
		2A4A282C1F39C3230013FAE5 /* Resources */ = {
			isa = PBXResourcesBuildPhase;
			buildActionMask = 2147483647;
			files = (
			);
			runOnlyForDeploymentPostprocessing = 0;
		};
/* End PBXResourcesBuildPhase section */

/* Begin PBXShellScriptBuildPhase section */
		2D84CD203EC2FBF2B1F12185 /* [CP] Embed Pods Frameworks */ = {
			isa = PBXShellScriptBuildPhase;
			buildActionMask = 2147483647;
			files = (
			);
			inputPaths = (
			);
			name = "[CP] Embed Pods Frameworks";
			outputPaths = (
			);
			runOnlyForDeploymentPostprocessing = 0;
			shellPath = /bin/sh;
			shellScript = "\"${SRCROOT}/Pods/Target Support Files/Pods-RealmTest-swift-/Pods-RealmTest-swift--frameworks.sh\"\n";
			showEnvVarsInLog = 0;
		};
		70BE808C2FE0442BCA6B2396 /* [CP] Check Pods Manifest.lock */ = {
			isa = PBXShellScriptBuildPhase;
			buildActionMask = 2147483647;
			files = (
			);
			inputPaths = (
			);
			name = "[CP] Check Pods Manifest.lock";
			outputPaths = (
			);
			runOnlyForDeploymentPostprocessing = 0;
			shellPath = /bin/sh;
			shellScript = "diff \"${PODS_PODFILE_DIR_PATH}/Podfile.lock\" \"${PODS_ROOT}/Manifest.lock\" > /dev/null\nif [ $? != 0 ] ; then\n    # print error to STDERR\n    echo \"error: The sandbox is not in sync with the Podfile.lock. Run 'pod install' or update your CocoaPods installation.\" >&2\n    exit 1\nfi\n";
			showEnvVarsInLog = 0;
		};
		F54E02CAB8D1135F4554A754 /* [CP] Copy Pods Resources */ = {
			isa = PBXShellScriptBuildPhase;
			buildActionMask = 2147483647;
			files = (
			);
			inputPaths = (
			);
			name = "[CP] Copy Pods Resources";
			outputPaths = (
			);
			runOnlyForDeploymentPostprocessing = 0;
			shellPath = /bin/sh;
			shellScript = "\"${SRCROOT}/Pods/Target Support Files/Pods-RealmTest-swift-/Pods-RealmTest-swift--resources.sh\"\n";
			showEnvVarsInLog = 0;
		};
/* End PBXShellScriptBuildPhase section */

/* Begin PBXSourcesBuildPhase section */
		2A4A280B1F39C3230013FAE5 /* Sources */ = {
			isa = PBXSourcesBuildPhase;
			buildActionMask = 2147483647;
			files = (
				2A4A28151F39C3230013FAE5 /* ViewController.swift in Sources */,
				2A7460431F3AAE0D00AD534C /* Task.swift in Sources */,
				2A4A28131F39C3230013FAE5 /* AppDelegate.swift in Sources */,
			);
			runOnlyForDeploymentPostprocessing = 0;
		};
		2A4A281F1F39C3230013FAE5 /* Sources */ = {
			isa = PBXSourcesBuildPhase;
			buildActionMask = 2147483647;
			files = (
				2A4A28281F39C3230013FAE5 /* RealmTest_swift_Tests.swift in Sources */,
			);
			runOnlyForDeploymentPostprocessing = 0;
		};
		2A4A282A1F39C3230013FAE5 /* Sources */ = {
			isa = PBXSourcesBuildPhase;
			buildActionMask = 2147483647;
			files = (
				2A4A28331F39C3230013FAE5 /* RealmTest_swift_UITests.swift in Sources */,
			);
			runOnlyForDeploymentPostprocessing = 0;
		};
/* End PBXSourcesBuildPhase section */

/* Begin PBXTargetDependency section */
		2A4A28251F39C3230013FAE5 /* PBXTargetDependency */ = {
			isa = PBXTargetDependency;
			target = 2A4A280E1F39C3230013FAE5 /* RealmTest-swift- */;
			targetProxy = 2A4A28241F39C3230013FAE5 /* PBXContainerItemProxy */;
		};
		2A4A28301F39C3230013FAE5 /* PBXTargetDependency */ = {
			isa = PBXTargetDependency;
			target = 2A4A280E1F39C3230013FAE5 /* RealmTest-swift- */;
			targetProxy = 2A4A282F1F39C3230013FAE5 /* PBXContainerItemProxy */;
		};
/* End PBXTargetDependency section */

/* Begin PBXVariantGroup section */
		2A4A28161F39C3230013FAE5 /* Main.storyboard */ = {
			isa = PBXVariantGroup;
			children = (
				2A4A28171F39C3230013FAE5 /* Base */,
			);
			name = Main.storyboard;
			sourceTree = "<group>";
		};
		2A4A281B1F39C3230013FAE5 /* LaunchScreen.storyboard */ = {
			isa = PBXVariantGroup;
			children = (
				2A4A281C1F39C3230013FAE5 /* Base */,
			);
			name = LaunchScreen.storyboard;
			sourceTree = "<group>";
		};
/* End PBXVariantGroup section */

/* Begin XCBuildConfiguration section */
		2A4A28351F39C3230013FAE5 /* Debug */ = {
			isa = XCBuildConfiguration;
			buildSettings = {
				ALWAYS_SEARCH_USER_PATHS = NO;
				CLANG_ANALYZER_NONNULL = YES;
				CLANG_ANALYZER_NUMBER_OBJECT_CONVERSION = YES_AGGRESSIVE;
				CLANG_CXX_LANGUAGE_STANDARD = "gnu++0x";
				CLANG_CXX_LIBRARY = "libc++";
				CLANG_ENABLE_MODULES = YES;
				CLANG_ENABLE_OBJC_ARC = YES;
				CLANG_WARN_BOOL_CONVERSION = YES;
				CLANG_WARN_CONSTANT_CONVERSION = YES;
				CLANG_WARN_DIRECT_OBJC_ISA_USAGE = YES_ERROR;
				CLANG_WARN_DOCUMENTATION_COMMENTS = YES;
				CLANG_WARN_EMPTY_BODY = YES;
				CLANG_WARN_ENUM_CONVERSION = YES;
				CLANG_WARN_INFINITE_RECURSION = YES;
				CLANG_WARN_INT_CONVERSION = YES;
				CLANG_WARN_OBJC_ROOT_CLASS = YES_ERROR;
				CLANG_WARN_SUSPICIOUS_MOVE = YES;
				CLANG_WARN_UNREACHABLE_CODE = YES;
				CLANG_WARN__DUPLICATE_METHOD_MATCH = YES;
				"CODE_SIGN_IDENTITY[sdk=iphoneos*]" = "iPhone Developer";
				COPY_PHASE_STRIP = NO;
				DEBUG_INFORMATION_FORMAT = dwarf;
				ENABLE_STRICT_OBJC_MSGSEND = YES;
				ENABLE_TESTABILITY = YES;
				GCC_C_LANGUAGE_STANDARD = gnu99;
				GCC_DYNAMIC_NO_PIC = NO;
				GCC_NO_COMMON_BLOCKS = YES;
				GCC_OPTIMIZATION_LEVEL = 0;
				GCC_PREPROCESSOR_DEFINITIONS = (
					"DEBUG=1",
					"$(inherited)",
				);
				GCC_WARN_64_TO_32_BIT_CONVERSION = YES;
				GCC_WARN_ABOUT_RETURN_TYPE = YES_ERROR;
				GCC_WARN_UNDECLARED_SELECTOR = YES;
				GCC_WARN_UNINITIALIZED_AUTOS = YES_AGGRESSIVE;
				GCC_WARN_UNUSED_FUNCTION = YES;
				GCC_WARN_UNUSED_VARIABLE = YES;
				IPHONEOS_DEPLOYMENT_TARGET = 10.3;
				MTL_ENABLE_DEBUG_INFO = YES;
				ONLY_ACTIVE_ARCH = YES;
				SDKROOT = iphoneos;
				SWIFT_ACTIVE_COMPILATION_CONDITIONS = DEBUG;
				SWIFT_OPTIMIZATION_LEVEL = "-Onone";
			};
			name = Debug;
		};
		2A4A28361F39C3230013FAE5 /* Release */ = {
			isa = XCBuildConfiguration;
			buildSettings = {
				ALWAYS_SEARCH_USER_PATHS = NO;
				CLANG_ANALYZER_NONNULL = YES;
				CLANG_ANALYZER_NUMBER_OBJECT_CONVERSION = YES_AGGRESSIVE;
				CLANG_CXX_LANGUAGE_STANDARD = "gnu++0x";
				CLANG_CXX_LIBRARY = "libc++";
				CLANG_ENABLE_MODULES = YES;
				CLANG_ENABLE_OBJC_ARC = YES;
				CLANG_WARN_BOOL_CONVERSION = YES;
				CLANG_WARN_CONSTANT_CONVERSION = YES;
				CLANG_WARN_DIRECT_OBJC_ISA_USAGE = YES_ERROR;
				CLANG_WARN_DOCUMENTATION_COMMENTS = YES;
				CLANG_WARN_EMPTY_BODY = YES;
				CLANG_WARN_ENUM_CONVERSION = YES;
				CLANG_WARN_INFINITE_RECURSION = YES;
				CLANG_WARN_INT_CONVERSION = YES;
				CLANG_WARN_OBJC_ROOT_CLASS = YES_ERROR;
				CLANG_WARN_SUSPICIOUS_MOVE = YES;
				CLANG_WARN_UNREACHABLE_CODE = YES;
				CLANG_WARN__DUPLICATE_METHOD_MATCH = YES;
				"CODE_SIGN_IDENTITY[sdk=iphoneos*]" = "iPhone Developer";
				COPY_PHASE_STRIP = NO;
				DEBUG_INFORMATION_FORMAT = "dwarf-with-dsym";
				ENABLE_NS_ASSERTIONS = NO;
				ENABLE_STRICT_OBJC_MSGSEND = YES;
				GCC_C_LANGUAGE_STANDARD = gnu99;
				GCC_NO_COMMON_BLOCKS = YES;
				GCC_WARN_64_TO_32_BIT_CONVERSION = YES;
				GCC_WARN_ABOUT_RETURN_TYPE = YES_ERROR;
				GCC_WARN_UNDECLARED_SELECTOR = YES;
				GCC_WARN_UNINITIALIZED_AUTOS = YES_AGGRESSIVE;
				GCC_WARN_UNUSED_FUNCTION = YES;
				GCC_WARN_UNUSED_VARIABLE = YES;
				IPHONEOS_DEPLOYMENT_TARGET = 10.3;
				MTL_ENABLE_DEBUG_INFO = NO;
				SDKROOT = iphoneos;
				SWIFT_OPTIMIZATION_LEVEL = "-Owholemodule";
				VALIDATE_PRODUCT = YES;
			};
			name = Release;
		};
		2A4A28381F39C3230013FAE5 /* Debug */ = {
			isa = XCBuildConfiguration;
			baseConfigurationReference = DB863CD3C757B4946C7083EF /* Pods-RealmTest-swift-.debug.xcconfig */;
			buildSettings = {
				ASSETCATALOG_COMPILER_APPICON_NAME = AppIcon;
				DEVELOPMENT_TEAM = 2RXNZ99CUD;
				INFOPLIST_FILE = "RealmTest-swift-/Info.plist";
				LD_RUNPATH_SEARCH_PATHS = "$(inherited) @executable_path/Frameworks";
				ONLY_ACTIVE_ARCH = YES;
				PRODUCT_BUNDLE_IDENTIFIER = "shopnfriends.com.RealmTest-swift-";
				PRODUCT_NAME = "$(TARGET_NAME)";
				SWIFT_VERSION = 3.0;
			};
			name = Debug;
		};
		2A4A28391F39C3230013FAE5 /* Release */ = {
			isa = XCBuildConfiguration;
			baseConfigurationReference = 13AEE1A034C235F8DC18CE61 /* Pods-RealmTest-swift-.release.xcconfig */;
			buildSettings = {
				ASSETCATALOG_COMPILER_APPICON_NAME = AppIcon;
				DEVELOPMENT_TEAM = 2RXNZ99CUD;
				INFOPLIST_FILE = "RealmTest-swift-/Info.plist";
				LD_RUNPATH_SEARCH_PATHS = "$(inherited) @executable_path/Frameworks";
				ONLY_ACTIVE_ARCH = YES;
				PRODUCT_BUNDLE_IDENTIFIER = "shopnfriends.com.RealmTest-swift-";
				PRODUCT_NAME = "$(TARGET_NAME)";
				SWIFT_VERSION = 3.0;
			};
			name = Release;
		};
		2A4A283B1F39C3230013FAE5 /* Debug */ = {
			isa = XCBuildConfiguration;
			buildSettings = {
				ALWAYS_EMBED_SWIFT_STANDARD_LIBRARIES = YES;
				BUNDLE_LOADER = "$(TEST_HOST)";
				DEVELOPMENT_TEAM = 2RXNZ99CUD;
				INFOPLIST_FILE = "RealmTest-swift-Tests/Info.plist";
				LD_RUNPATH_SEARCH_PATHS = "$(inherited) @executable_path/Frameworks @loader_path/Frameworks";
				PRODUCT_BUNDLE_IDENTIFIER = "shopnfriends.com.RealmTest-swift-Tests";
				PRODUCT_NAME = "$(TARGET_NAME)";
				SWIFT_VERSION = 3.0;
				TEST_HOST = "$(BUILT_PRODUCTS_DIR)/RealmTest-swift-.app/RealmTest-swift-";
			};
			name = Debug;
		};
		2A4A283C1F39C3230013FAE5 /* Release */ = {
			isa = XCBuildConfiguration;
			buildSettings = {
				ALWAYS_EMBED_SWIFT_STANDARD_LIBRARIES = YES;
				BUNDLE_LOADER = "$(TEST_HOST)";
				DEVELOPMENT_TEAM = 2RXNZ99CUD;
				INFOPLIST_FILE = "RealmTest-swift-Tests/Info.plist";
				LD_RUNPATH_SEARCH_PATHS = "$(inherited) @executable_path/Frameworks @loader_path/Frameworks";
				PRODUCT_BUNDLE_IDENTIFIER = "shopnfriends.com.RealmTest-swift-Tests";
				PRODUCT_NAME = "$(TARGET_NAME)";
				SWIFT_VERSION = 3.0;
				TEST_HOST = "$(BUILT_PRODUCTS_DIR)/RealmTest-swift-.app/RealmTest-swift-";
			};
			name = Release;
		};
		2A4A283E1F39C3230013FAE5 /* Debug */ = {
			isa = XCBuildConfiguration;
			buildSettings = {
				ALWAYS_EMBED_SWIFT_STANDARD_LIBRARIES = YES;
				DEVELOPMENT_TEAM = 2RXNZ99CUD;
				INFOPLIST_FILE = "RealmTest-swift-UITests/Info.plist";
				LD_RUNPATH_SEARCH_PATHS = "$(inherited) @executable_path/Frameworks @loader_path/Frameworks";
				PRODUCT_BUNDLE_IDENTIFIER = "shopnfriends.com.RealmTest-swift-UITests";
				PRODUCT_NAME = "$(TARGET_NAME)";
				SWIFT_VERSION = 3.0;
				TEST_TARGET_NAME = "RealmTest-swift-";
			};
			name = Debug;
		};
		2A4A283F1F39C3230013FAE5 /* Release */ = {
			isa = XCBuildConfiguration;
			buildSettings = {
				ALWAYS_EMBED_SWIFT_STANDARD_LIBRARIES = YES;
				DEVELOPMENT_TEAM = 2RXNZ99CUD;
				INFOPLIST_FILE = "RealmTest-swift-UITests/Info.plist";
				LD_RUNPATH_SEARCH_PATHS = "$(inherited) @executable_path/Frameworks @loader_path/Frameworks";
				PRODUCT_BUNDLE_IDENTIFIER = "shopnfriends.com.RealmTest-swift-UITests";
				PRODUCT_NAME = "$(TARGET_NAME)";
				SWIFT_VERSION = 3.0;
				TEST_TARGET_NAME = "RealmTest-swift-";
			};
			name = Release;
		};
/* End XCBuildConfiguration section */

/* Begin XCConfigurationList section */
		2A4A280A1F39C3230013FAE5 /* Build configuration list for PBXProject "RealmTest-swift-" */ = {
			isa = XCConfigurationList;
			buildConfigurations = (
				2A4A28351F39C3230013FAE5 /* Debug */,
				2A4A28361F39C3230013FAE5 /* Release */,
			);
			defaultConfigurationIsVisible = 0;
			defaultConfigurationName = Release;
		};
		2A4A28371F39C3230013FAE5 /* Build configuration list for PBXNativeTarget "RealmTest-swift-" */ = {
			isa = XCConfigurationList;
			buildConfigurations = (
				2A4A28381F39C3230013FAE5 /* Debug */,
				2A4A28391F39C3230013FAE5 /* Release */,
			);
			defaultConfigurationIsVisible = 0;
			defaultConfigurationName = Release;
		};
		2A4A283A1F39C3230013FAE5 /* Build configuration list for PBXNativeTarget "RealmTest-swift-Tests" */ = {
			isa = XCConfigurationList;
			buildConfigurations = (
				2A4A283B1F39C3230013FAE5 /* Debug */,
				2A4A283C1F39C3230013FAE5 /* Release */,
			);
			defaultConfigurationIsVisible = 0;
			defaultConfigurationName = Release;
		};
		2A4A283D1F39C3230013FAE5 /* Build configuration list for PBXNativeTarget "RealmTest-swift-UITests" */ = {
			isa = XCConfigurationList;
			buildConfigurations = (
				2A4A283E1F39C3230013FAE5 /* Debug */,
				2A4A283F1F39C3230013FAE5 /* Release */,
			);
			defaultConfigurationIsVisible = 0;
			defaultConfigurationName = Release;
		};
/* End XCConfigurationList section */
	};
	rootObject = 2A4A28071F39C3230013FAE5 /* Project object */;
}
